// !$*UTF8*$!
{
	archiveVersion = 1;
	classes = {
	};
	objectVersion = 50;
	objects = {

/* Begin PBXBuildFile section */
		047E32452177B0A7001FB487 /* AppDelegate.swift in Sources */ = {isa = PBXBuildFile; fileRef = 047E32442177B0A7001FB487 /* AppDelegate.swift */; };
		047E32472177B0A7001FB487 /* ViewController.swift in Sources */ = {isa = PBXBuildFile; fileRef = 047E32462177B0A7001FB487 /* ViewController.swift */; };
		047E324A2177B0A7001FB487 /* Main.storyboard in Resources */ = {isa = PBXBuildFile; fileRef = 047E32482177B0A7001FB487 /* Main.storyboard */; };
		047E324C2177B0A8001FB487 /* Assets.xcassets in Resources */ = {isa = PBXBuildFile; fileRef = 047E324B2177B0A8001FB487 /* Assets.xcassets */; };
		047E324F2177B0A9001FB487 /* LaunchScreen.storyboard in Resources */ = {isa = PBXBuildFile; fileRef = 047E324D2177B0A9001FB487 /* LaunchScreen.storyboard */; };
		75AD70225EDA0B0C0379C17E /* Pods_Picsumple.framework in Frameworks */ = {isa = PBXBuildFile; fileRef = F261EED5B3EF745164563E63 /* Pods_Picsumple.framework */; };
/* End PBXBuildFile section */

/* Begin PBXFileReference section */
		047E32412177B0A7001FB487 /* Picsumple.app */ = {isa = PBXFileReference; explicitFileType = wrapper.application; includeInIndex = 0; path = Picsumple.app; sourceTree = BUILT_PRODUCTS_DIR; };
		047E32442177B0A7001FB487 /* AppDelegate.swift */ = {isa = PBXFileReference; lastKnownFileType = sourcecode.swift; path = AppDelegate.swift; sourceTree = "<group>"; };
		047E32462177B0A7001FB487 /* ViewController.swift */ = {isa = PBXFileReference; lastKnownFileType = sourcecode.swift; path = ViewController.swift; sourceTree = "<group>"; };
		047E32492177B0A7001FB487 /* Base */ = {isa = PBXFileReference; lastKnownFileType = file.storyboard; name = Base; path = Base.lproj/Main.storyboard; sourceTree = "<group>"; };
		047E324B2177B0A8001FB487 /* Assets.xcassets */ = {isa = PBXFileReference; lastKnownFileType = folder.assetcatalog; path = Assets.xcassets; sourceTree = "<group>"; };
		047E324E2177B0A9001FB487 /* Base */ = {isa = PBXFileReference; lastKnownFileType = file.storyboard; name = Base; path = Base.lproj/LaunchScreen.storyboard; sourceTree = "<group>"; };
		047E32502177B0A9001FB487 /* Info.plist */ = {isa = PBXFileReference; lastKnownFileType = text.plist.xml; path = Info.plist; sourceTree = "<group>"; };
		68ECA160F78B1AB6FE95DB82 /* Pods-Picsumple.release.xcconfig */ = {isa = PBXFileReference; includeInIndex = 1; lastKnownFileType = text.xcconfig; name = "Pods-Picsumple.release.xcconfig"; path = "Pods/Target Support Files/Pods-Picsumple/Pods-Picsumple.release.xcconfig"; sourceTree = "<group>"; };
		C2721B07C8E864FB21DA149B /* Pods-Picsumple.debug.xcconfig */ = {isa = PBXFileReference; includeInIndex = 1; lastKnownFileType = text.xcconfig; name = "Pods-Picsumple.debug.xcconfig"; path = "Pods/Target Support Files/Pods-Picsumple/Pods-Picsumple.debug.xcconfig"; sourceTree = "<group>"; };
		F261EED5B3EF745164563E63 /* Pods_Picsumple.framework */ = {isa = PBXFileReference; explicitFileType = wrapper.framework; includeInIndex = 0; path = Pods_Picsumple.framework; sourceTree = BUILT_PRODUCTS_DIR; };
/* End PBXFileReference section */

/* Begin PBXFrameworksBuildPhase section */
		047E323E2177B0A7001FB487 /* Frameworks */ = {
			isa = PBXFrameworksBuildPhase;
			buildActionMask = 2147483647;
			files = (
				75AD70225EDA0B0C0379C17E /* Pods_Picsumple.framework in Frameworks */,
			);
			runOnlyForDeploymentPostprocessing = 0;
		};
/* End PBXFrameworksBuildPhase section */

/* Begin PBXGroup section */
		047E32382177B0A6001FB487 = {
			isa = PBXGroup;
			children = (
				047E32432177B0A7001FB487 /* Picsumple */,
				047E32422177B0A7001FB487 /* Products */,
				32406DD9CBF28BB8084B14CE /* Pods */,
				8267D1F9069C5820AB429FFC /* Frameworks */,
			);
			sourceTree = "<group>";
		};
		047E32422177B0A7001FB487 /* Products */ = {
			isa = PBXGroup;
			children = (
				047E32412177B0A7001FB487 /* Picsumple.app */,
			);
			name = Products;
			sourceTree = "<group>";
		};
		047E32432177B0A7001FB487 /* Picsumple */ = {
			isa = PBXGroup;
			children = (
				047E32442177B0A7001FB487 /* AppDelegate.swift */,
				047E32462177B0A7001FB487 /* ViewController.swift */,
				047E32482177B0A7001FB487 /* Main.storyboard */,
				047E324B2177B0A8001FB487 /* Assets.xcassets */,
				047E324D2177B0A9001FB487 /* LaunchScreen.storyboard */,
				047E32502177B0A9001FB487 /* Info.plist */,
			);
			path = Picsumple;
			sourceTree = "<group>";
		};
		32406DD9CBF28BB8084B14CE /* Pods */ = {
			isa = PBXGroup;
			children = (
				C2721B07C8E864FB21DA149B /* Pods-Picsumple.debug.xcconfig */,
				68ECA160F78B1AB6FE95DB82 /* Pods-Picsumple.release.xcconfig */,
			);
			name = Pods;
			sourceTree = "<group>";
		};
		8267D1F9069C5820AB429FFC /* Frameworks */ = {
			isa = PBXGroup;
			children = (
				F261EED5B3EF745164563E63 /* Pods_Picsumple.framework */,
			);
			name = Frameworks;
			sourceTree = "<group>";
		};
/* End PBXGroup section */

/* Begin PBXNativeTarget section */
		047E32402177B0A7001FB487 /* Picsumple */ = {
			isa = PBXNativeTarget;
			buildConfigurationList = 047E32532177B0A9001FB487 /* Build configuration list for PBXNativeTarget "Picsumple" */;
			buildPhases = (
				7C8F13B3710F988DAA8D9CE1 /* [CP] Check Pods Manifest.lock */,
				047E323D2177B0A7001FB487 /* Sources */,
				047E323E2177B0A7001FB487 /* Frameworks */,
				047E323F2177B0A7001FB487 /* Resources */,
				B9186F988818EF22816550FB /* [CP] Embed Pods Frameworks */,
				44E182013F3763F89E1E479C /* [CP] Copy Pods Resources */,
			);
			buildRules = (
			);
			dependencies = (
			);
			name = Picsumple;
			productName = Picsumple;
			productReference = 047E32412177B0A7001FB487 /* Picsumple.app */;
			productType = "com.apple.product-type.application";
		};
/* End PBXNativeTarget section */

/* Begin PBXProject section */
		047E32392177B0A6001FB487 /* Project object */ = {
			isa = PBXProject;
			attributes = {
				LastSwiftUpdateCheck = 1000;
				LastUpgradeCheck = 1000;
				ORGANIZATIONNAME = com.picsumpl.test;
				TargetAttributes = {
					047E32402177B0A7001FB487 = {
						CreatedOnToolsVersion = 10.0;
					};
				};
			};
			buildConfigurationList = 047E323C2177B0A6001FB487 /* Build configuration list for PBXProject "Picsumple" */;
			compatibilityVersion = "Xcode 9.3";
			developmentRegion = en;
			hasScannedForEncodings = 0;
			knownRegions = (
				en,
				Base,
			);
			mainGroup = 047E32382177B0A6001FB487;
			productRefGroup = 047E32422177B0A7001FB487 /* Products */;
			projectDirPath = "";
			projectRoot = "";
			targets = (
				047E32402177B0A7001FB487 /* Picsumple */,
			);
		};
/* End PBXProject section */

/* Begin PBXResourcesBuildPhase section */
		047E323F2177B0A7001FB487 /* Resources */ = {
			isa = PBXResourcesBuildPhase;
			buildActionMask = 2147483647;
			files = (
				047E324F2177B0A9001FB487 /* LaunchScreen.storyboard in Resources */,
				047E324C2177B0A8001FB487 /* Assets.xcassets in Resources */,
				047E324A2177B0A7001FB487 /* Main.storyboard in Resources */,
			);
			runOnlyForDeploymentPostprocessing = 0;
		};
/* End PBXResourcesBuildPhase section */

/* Begin PBXShellScriptBuildPhase section */
		44E182013F3763F89E1E479C /* [CP] Copy Pods Resources */ = {
			isa = PBXShellScriptBuildPhase;
			buildActionMask = 2147483647;
			files = (
			);
			inputPaths = (
			);
			name = "[CP] Copy Pods Resources";
			outputPaths = (
			);
			runOnlyForDeploymentPostprocessing = 0;
			shellPath = /bin/sh;
			shellScript = "\"${SRCROOT}/Pods/Target Support Files/Pods-Picsumple/Pods-Picsumple-resources.sh\"\n";
			showEnvVarsInLog = 0;
		};
		7C8F13B3710F988DAA8D9CE1 /* [CP] Check Pods Manifest.lock */ = {
			isa = PBXShellScriptBuildPhase;
			buildActionMask = 2147483647;
			files = (
			);
			inputPaths = (
				"${PODS_PODFILE_DIR_PATH}/Podfile.lock",
				"${PODS_ROOT}/Manifest.lock",
			);
			name = "[CP] Check Pods Manifest.lock";
			outputPaths = (
				"$(DERIVED_FILE_DIR)/Pods-Picsumple-checkManifestLockResult.txt",
			);
			runOnlyForDeploymentPostprocessing = 0;
			shellPath = /bin/sh;
			shellScript = "diff \"${PODS_PODFILE_DIR_PATH}/Podfile.lock\" \"${PODS_ROOT}/Manifest.lock\" > /dev/null\nif [ $? != 0 ] ; then\n    # print error to STDERR\n    echo \"error: The sandbox is not in sync with the Podfile.lock. Run 'pod install' or update your CocoaPods installation.\" >&2\n    exit 1\nfi\n# This output is used by Xcode 'outputs' to avoid re-running this script phase.\necho \"SUCCESS\" > \"${SCRIPT_OUTPUT_FILE_0}\"\n";
			showEnvVarsInLog = 0;
		};
		B9186F988818EF22816550FB /* [CP] Embed Pods Frameworks */ = {
			isa = PBXShellScriptBuildPhase;
			buildActionMask = 2147483647;
			files = (
			);
			inputPaths = (
				"${SRCROOT}/Pods/Target Support Files/Pods-Picsumple/Pods-Picsumple-frameworks.sh",
				"${BUILT_PRODUCTS_DIR}/RxCocoa/RxCocoa.framework",
				"${BUILT_PRODUCTS_DIR}/RxSwift/RxSwift.framework",
				"${BUILT_PRODUCTS_DIR}/SnapKit/SnapKit.framework",
			);
			name = "[CP] Embed Pods Frameworks";
			outputPaths = (
				"${TARGET_BUILD_DIR}/${FRAMEWORKS_FOLDER_PATH}/RxCocoa.framework",
				"${TARGET_BUILD_DIR}/${FRAMEWORKS_FOLDER_PATH}/RxSwift.framework",
				"${TARGET_BUILD_DIR}/${FRAMEWORKS_FOLDER_PATH}/SnapKit.framework",
			);
			runOnlyForDeploymentPostprocessing = 0;
			shellPath = /bin/sh;
			shellScript = "\"${SRCROOT}/Pods/Target Support Files/Pods-Picsumple/Pods-Picsumple-frameworks.sh\"\n";
			showEnvVarsInLog = 0;
		};
/* End PBXShellScriptBuildPhase section */

/* Begin PBXSourcesBuildPhase section */
		047E323D2177B0A7001FB487 /* Sources */ = {
			isa = PBXSourcesBuildPhase;
			buildActionMask = 2147483647;
			files = (
				047E32472177B0A7001FB487 /* ViewController.swift in Sources */,
				047E32452177B0A7001FB487 /* AppDelegate.swift in Sources */,
			);
			runOnlyForDeploymentPostprocessing = 0;
		};
/* End PBXSourcesBuildPhase section */

/* Begin PBXVariantGroup section */
		047E32482177B0A7001FB487 /* Main.storyboard */ = {
			isa = PBXVariantGroup;
			children = (
				047E32492177B0A7001FB487 /* Base */,
			);
			name = Main.storyboard;
			sourceTree = "<group>";
		};
		047E324D2177B0A9001FB487 /* LaunchScreen.storyboard */ = {
			isa = PBXVariantGroup;
			children = (
				047E324E2177B0A9001FB487 /* Base */,
			);
			name = LaunchScreen.storyboard;
			sourceTree = "<group>";
		};
/* End PBXVariantGroup section */

/* Begin XCBuildConfiguration section */
		047E32512177B0A9001FB487 /* Debug */ = {
			isa = XCBuildConfiguration;
			buildSettings = {
				ALWAYS_SEARCH_USER_PATHS = NO;
				CLANG_ANALYZER_NONNULL = YES;
				CLANG_ANALYZER_NUMBER_OBJECT_CONVERSION = YES_AGGRESSIVE;
				CLANG_CXX_LANGUAGE_STANDARD = "gnu++14";
				CLANG_CXX_LIBRARY = "libc++";
				CLANG_ENABLE_MODULES = YES;
				CLANG_ENABLE_OBJC_ARC = YES;
				CLANG_ENABLE_OBJC_WEAK = YES;
				CLANG_WARN_BLOCK_CAPTURE_AUTORELEASING = YES;
				CLANG_WARN_BOOL_CONVERSION = YES;
				CLANG_WARN_COMMA = YES;
				CLANG_WARN_CONSTANT_CONVERSION = YES;
				CLANG_WARN_DEPRECATED_OBJC_IMPLEMENTATIONS = YES;
				CLANG_WARN_DIRECT_OBJC_ISA_USAGE = YES_ERROR;
				CLANG_WARN_DOCUMENTATION_COMMENTS = YES;
				CLANG_WARN_EMPTY_BODY = YES;
				CLANG_WARN_ENUM_CONVERSION = YES;
				CLANG_WARN_INFINITE_RECURSION = YES;
				CLANG_WARN_INT_CONVERSION = YES;
				CLANG_WARN_NON_LITERAL_NULL_CONVERSION = YES;
				CLANG_WARN_OBJC_IMPLICIT_RETAIN_SELF = YES;
				CLANG_WARN_OBJC_LITERAL_CONVERSION = YES;
				CLANG_WARN_OBJC_ROOT_CLASS = YES_ERROR;
				CLANG_WARN_RANGE_LOOP_ANALYSIS = YES;
				CLANG_WARN_STRICT_PROTOTYPES = YES;
				CLANG_WARN_SUSPICIOUS_MOVE = YES;
				CLANG_WARN_UNGUARDED_AVAILABILITY = YES_AGGRESSIVE;
				CLANG_WARN_UNREACHABLE_CODE = YES;
				CLANG_WARN__DUPLICATE_METHOD_MATCH = YES;
				CODE_SIGN_IDENTITY = "iPhone Developer";
				COPY_PHASE_STRIP = NO;
				DEBUG_INFORMATION_FORMAT = dwarf;
				ENABLE_STRICT_OBJC_MSGSEND = YES;
				ENABLE_TESTABILITY = YES;
				GCC_C_LANGUAGE_STANDARD = gnu11;
				GCC_DYNAMIC_NO_PIC = NO;
				GCC_NO_COMMON_BLOCKS = YES;
				GCC_OPTIMIZATION_LEVEL = 0;
				GCC_PREPROCESSOR_DEFINITIONS = (
					"DEBUG=1",
					"$(inherited)",
				);
				GCC_WARN_64_TO_32_BIT_CONVERSION = YES;
				GCC_WARN_ABOUT_RETURN_TYPE = YES_ERROR;
				GCC_WARN_UNDECLARED_SELECTOR = YES;
				GCC_WARN_UNINITIALIZED_AUTOS = YES_AGGRESSIVE;
				GCC_WARN_UNUSED_FUNCTION = YES;
				GCC_WARN_UNUSED_VARIABLE = YES;
				IPHONEOS_DEPLOYMENT_TARGET = 12.0;
				MTL_ENABLE_DEBUG_INFO = INCLUDE_SOURCE;
				MTL_FAST_MATH = YES;
				ONLY_ACTIVE_ARCH = YES;
				SDKROOT = iphoneos;
				SWIFT_ACTIVE_COMPILATION_CONDITIONS = DEBUG;
				SWIFT_OPTIMIZATION_LEVEL = "-Onone";
			};
			name = Debug;
		};
		047E32522177B0A9001FB487 /* Release */ = {
			isa = XCBuildConfiguration;
			buildSettings = {
				ALWAYS_SEARCH_USER_PATHS = NO;
				CLANG_ANALYZER_NONNULL = YES;
				CLANG_ANALYZER_NUMBER_OBJECT_CONVERSION = YES_AGGRESSIVE;
				CLANG_CXX_LANGUAGE_STANDARD = "gnu++14";
				CLANG_CXX_LIBRARY = "libc++";
				CLANG_ENABLE_MODULES = YES;
				CLANG_ENABLE_OBJC_ARC = YES;
				CLANG_ENABLE_OBJC_WEAK = YES;
				CLANG_WARN_BLOCK_CAPTURE_AUTORELEASING = YES;
				CLANG_WARN_BOOL_CONVERSION = YES;
				CLANG_WARN_COMMA = YES;
				CLANG_WARN_CONSTANT_CONVERSION = YES;
				CLANG_WARN_DEPRECATED_OBJC_IMPLEMENTATIONS = YES;
				CLANG_WARN_DIRECT_OBJC_ISA_USAGE = YES_ERROR;
				CLANG_WARN_DOCUMENTATION_COMMENTS = YES;
				CLANG_WARN_EMPTY_BODY = YES;
				CLANG_WARN_ENUM_CONVERSION = YES;
				CLANG_WARN_INFINITE_RECURSION = YES;
				CLANG_WARN_INT_CONVERSION = YES;
				CLANG_WARN_NON_LITERAL_NULL_CONVERSION = YES;
				CLANG_WARN_OBJC_IMPLICIT_RETAIN_SELF = YES;
				CLANG_WARN_OBJC_LITERAL_CONVERSION = YES;
				CLANG_WARN_OBJC_ROOT_CLASS = YES_ERROR;
				CLANG_WARN_RANGE_LOOP_ANALYSIS = YES;
				CLANG_WARN_STRICT_PROTOTYPES = YES;
				CLANG_WARN_SUSPICIOUS_MOVE = YES;
				CLANG_WARN_UNGUARDED_AVAILABILITY = YES_AGGRESSIVE;
				CLANG_WARN_UNREACHABLE_CODE = YES;
				CLANG_WARN__DUPLICATE_METHOD_MATCH = YES;
				CODE_SIGN_IDENTITY = "iPhone Developer";
				COPY_PHASE_STRIP = NO;
				DEBUG_INFORMATION_FORMAT = "dwarf-with-dsym";
				ENABLE_NS_ASSERTIONS = NO;
				ENABLE_STRICT_OBJC_MSGSEND = YES;
				GCC_C_LANGUAGE_STANDARD = gnu11;
				GCC_NO_COMMON_BLOCKS = YES;
				GCC_WARN_64_TO_32_BIT_CONVERSION = YES;
				GCC_WARN_ABOUT_RETURN_TYPE = YES_ERROR;
				GCC_WARN_UNDECLARED_SELECTOR = YES;
				GCC_WARN_UNINITIALIZED_AUTOS = YES_AGGRESSIVE;
				GCC_WARN_UNUSED_FUNCTION = YES;
				GCC_WARN_UNUSED_VARIABLE = YES;
				IPHONEOS_DEPLOYMENT_TARGET = 12.0;
				MTL_ENABLE_DEBUG_INFO = NO;
				MTL_FAST_MATH = YES;
				SDKROOT = iphoneos;
				SWIFT_COMPILATION_MODE = wholemodule;
				SWIFT_OPTIMIZATION_LEVEL = "-O";
				VALIDATE_PRODUCT = YES;
			};
			name = Release;
		};
		047E32542177B0A9001FB487 /* Debug */ = {
			isa = XCBuildConfiguration;
			baseConfigurationReference = C2721B07C8E864FB21DA149B /* Pods-Picsumple.debug.xcconfig */;
			buildSettings = {
				ASSETCATALOG_COMPILER_APPICON_NAME = AppIcon;
				CODE_SIGN_STYLE = Automatic;
				DEVELOPMENT_TEAM = 4Y7L6J7Z75;
				INFOPLIST_FILE = Picsumple/Info.plist;
				LD_RUNPATH_SEARCH_PATHS = (
					"$(inherited)",
					"@executable_path/Frameworks",
				);
				PRODUCT_BUNDLE_IDENTIFIER = com.picsumpl.Picsumple;
				PRODUCT_NAME = "$(TARGET_NAME)";
				SWIFT_VERSION = 4.2;
				TARGETED_DEVICE_FAMILY = "1,2";
			};
			name = Debug;
		};
		047E32552177B0A9001FB487 /* Release */ = {
			isa = XCBuildConfiguration;
			baseConfigurationReference = 68ECA160F78B1AB6FE95DB82 /* Pods-Picsumple.release.xcconfig */;
			buildSettings = {
				ASSETCATALOG_COMPILER_APPICON_NAME = AppIcon;
				CODE_SIGN_STYLE = Automatic;
				DEVELOPMENT_TEAM = 4Y7L6J7Z75;
				INFOPLIST_FILE = Picsumple/Info.plist;
				LD_RUNPATH_SEARCH_PATHS = (
					"$(inherited)",
					"@executable_path/Frameworks",
				);
				PRODUCT_BUNDLE_IDENTIFIER = com.picsumpl.Picsumple;
				PRODUCT_NAME = "$(TARGET_NAME)";
				SWIFT_VERSION = 4.2;
				TARGETED_DEVICE_FAMILY = "1,2";
			};
			name = Release;
		};
/* End XCBuildConfiguration section */

/* Begin XCConfigurationList section */
		047E323C2177B0A6001FB487 /* Build configuration list for PBXProject "Picsumple" */ = {
			isa = XCConfigurationList;
			buildConfigurations = (
				047E32512177B0A9001FB487 /* Debug */,
				047E32522177B0A9001FB487 /* Release */,
			);
			defaultConfigurationIsVisible = 0;
			defaultConfigurationName = Release;
		};
		047E32532177B0A9001FB487 /* Build configuration list for PBXNativeTarget "Picsumple" */ = {
			isa = XCConfigurationList;
			buildConfigurations = (
				047E32542177B0A9001FB487 /* Debug */,
				047E32552177B0A9001FB487 /* Release */,
			);
			defaultConfigurationIsVisible = 0;
			defaultConfigurationName = Release;
		};
/* End XCConfigurationList section */
	};
	rootObject = 047E32392177B0A6001FB487 /* Project object */;
}
